// !$*UTF8*$!
{
	archiveVersion = 1;
	classes = {
	};
	objectVersion = 50;
	objects = {

/* Begin PBXBuildFile section */
		514E07DD268CA80300B8D027 /* AppDelegate.swift in Sources */ = {isa = PBXBuildFile; fileRef = 514E07DC268CA80300B8D027 /* AppDelegate.swift */; };
		514E07DF268CA80300B8D027 /* SceneDelegate.swift in Sources */ = {isa = PBXBuildFile; fileRef = 514E07DE268CA80300B8D027 /* SceneDelegate.swift */; };
		514E07E1268CA80300B8D027 /* ViewController.swift in Sources */ = {isa = PBXBuildFile; fileRef = 514E07E0268CA80300B8D027 /* ViewController.swift */; };
		514E07E4268CA80300B8D027 /* Main.storyboard in Resources */ = {isa = PBXBuildFile; fileRef = 514E07E2268CA80300B8D027 /* Main.storyboard */; };
		514E07E6268CA80500B8D027 /* Assets.xcassets in Resources */ = {isa = PBXBuildFile; fileRef = 514E07E5268CA80500B8D027 /* Assets.xcassets */; };
		514E07E9268CA80500B8D027 /* LaunchScreen.storyboard in Resources */ = {isa = PBXBuildFile; fileRef = 514E07E7268CA80500B8D027 /* LaunchScreen.storyboard */; };
		514E07F1268CB34F00B8D027 /* GifExtension.swift in Sources */ = {isa = PBXBuildFile; fileRef = 514E07F0268CB34F00B8D027 /* GifExtension.swift */; };
		514E07F3268CB50900B8D027 /* GifCell.swift in Sources */ = {isa = PBXBuildFile; fileRef = 514E07F2268CB50900B8D027 /* GifCell.swift */; };
		514E07F5268CBB1300B8D027 /* GifNetwork.swift in Sources */ = {isa = PBXBuildFile; fileRef = 514E07F4268CBB1300B8D027 /* GifNetwork.swift */; };
		514E07F7268CBD2500B8D027 /* Gif.swift in Sources */ = {isa = PBXBuildFile; fileRef = 514E07F6268CBD2500B8D027 /* Gif.swift */; };
/* End PBXBuildFile section */

/* Begin PBXFileReference section */
		514E07D9268CA80300B8D027 /* GiphySearch.app */ = {isa = PBXFileReference; explicitFileType = wrapper.application; includeInIndex = 0; path = GiphySearch.app; sourceTree = BUILT_PRODUCTS_DIR; };
		514E07DC268CA80300B8D027 /* AppDelegate.swift */ = {isa = PBXFileReference; lastKnownFileType = sourcecode.swift; path = AppDelegate.swift; sourceTree = "<group>"; };
		514E07DE268CA80300B8D027 /* SceneDelegate.swift */ = {isa = PBXFileReference; lastKnownFileType = sourcecode.swift; path = SceneDelegate.swift; sourceTree = "<group>"; };
		514E07E0268CA80300B8D027 /* ViewController.swift */ = {isa = PBXFileReference; lastKnownFileType = sourcecode.swift; path = ViewController.swift; sourceTree = "<group>"; };
		514E07E3268CA80300B8D027 /* Base */ = {isa = PBXFileReference; lastKnownFileType = file.storyboard; name = Base; path = Base.lproj/Main.storyboard; sourceTree = "<group>"; };
		514E07E5268CA80500B8D027 /* Assets.xcassets */ = {isa = PBXFileReference; lastKnownFileType = folder.assetcatalog; path = Assets.xcassets; sourceTree = "<group>"; };
		514E07E8268CA80500B8D027 /* Base */ = {isa = PBXFileReference; lastKnownFileType = file.storyboard; name = Base; path = Base.lproj/LaunchScreen.storyboard; sourceTree = "<group>"; };
		514E07EA268CA80500B8D027 /* Info.plist */ = {isa = PBXFileReference; lastKnownFileType = text.plist.xml; path = Info.plist; sourceTree = "<group>"; };
		514E07F0268CB34F00B8D027 /* GifExtension.swift */ = {isa = PBXFileReference; fileEncoding = 4; lastKnownFileType = sourcecode.swift; name = GifExtension.swift; path = assets/GifExtension.swift; sourceTree = SOURCE_ROOT; };
		514E07F2268CB50900B8D027 /* GifCell.swift */ = {isa = PBXFileReference; lastKnownFileType = sourcecode.swift; path = GifCell.swift; sourceTree = "<group>"; };
		514E07F4268CBB1300B8D027 /* GifNetwork.swift */ = {isa = PBXFileReference; lastKnownFileType = sourcecode.swift; path = GifNetwork.swift; sourceTree = "<group>"; };
		514E07F6268CBD2500B8D027 /* Gif.swift */ = {isa = PBXFileReference; lastKnownFileType = sourcecode.swift; path = Gif.swift; sourceTree = "<group>"; };
/* End PBXFileReference section */

/* Begin PBXFrameworksBuildPhase section */
		514E07D6268CA80300B8D027 /* Frameworks */ = {
			isa = PBXFrameworksBuildPhase;
			buildActionMask = 2147483647;
			files = (
			);
			runOnlyForDeploymentPostprocessing = 0;
		};
/* End PBXFrameworksBuildPhase section */

/* Begin PBXGroup section */
		514E07D0268CA80300B8D027 = {
			isa = PBXGroup;
			children = (
				514E07DB268CA80300B8D027 /* GiphySearch */,
				514E07DA268CA80300B8D027 /* Products */,
			);
			sourceTree = "<group>";
		};
		514E07DA268CA80300B8D027 /* Products */ = {
			isa = PBXGroup;
			children = (
				514E07D9268CA80300B8D027 /* GiphySearch.app */,
			);
			name = Products;
			sourceTree = "<group>";
		};
		514E07DB268CA80300B8D027 /* GiphySearch */ = {
			isa = PBXGroup;
			children = (
				514E07DC268CA80300B8D027 /* AppDelegate.swift */,
				514E07DE268CA80300B8D027 /* SceneDelegate.swift */,
				514E07E0268CA80300B8D027 /* ViewController.swift */,
				514E07F6268CBD2500B8D027 /* Gif.swift */,
				514E07F4268CBB1300B8D027 /* GifNetwork.swift */,
				514E07F0268CB34F00B8D027 /* GifExtension.swift */,
				514E07F2268CB50900B8D027 /* GifCell.swift */,
				514E07E2268CA80300B8D027 /* Main.storyboard */,
				514E07E5268CA80500B8D027 /* Assets.xcassets */,
				514E07E7268CA80500B8D027 /* LaunchScreen.storyboard */,
				514E07EA268CA80500B8D027 /* Info.plist */,
			);
			path = GiphySearch;
			sourceTree = "<group>";
		};
/* End PBXGroup section */

/* Begin PBXNativeTarget section */
		514E07D8268CA80300B8D027 /* GiphySearch */ = {
			isa = PBXNativeTarget;
			buildConfigurationList = 514E07ED268CA80500B8D027 /* Build configuration list for PBXNativeTarget "GiphySearch" */;
			buildPhases = (
				514E07D5268CA80300B8D027 /* Sources */,
				514E07D6268CA80300B8D027 /* Frameworks */,
				514E07D7268CA80300B8D027 /* Resources */,
			);
			buildRules = (
			);
			dependencies = (
			);
			name = GiphySearch;
			productName = GiphySearch;
			productReference = 514E07D9268CA80300B8D027 /* GiphySearch.app */;
			productType = "com.apple.product-type.application";
		};
/* End PBXNativeTarget section */

/* Begin PBXProject section */
		514E07D1268CA80300B8D027 /* Project object */ = {
			isa = PBXProject;
			attributes = {
				LastSwiftUpdateCheck = 1250;
				LastUpgradeCheck = 1250;
				TargetAttributes = {
					514E07D8268CA80300B8D027 = {
						CreatedOnToolsVersion = 12.5;
					};
				};
			};
			buildConfigurationList = 514E07D4268CA80300B8D027 /* Build configuration list for PBXProject "GiphySearch" */;
			compatibilityVersion = "Xcode 9.3";
			developmentRegion = en;
			hasScannedForEncodings = 0;
			knownRegions = (
				en,
				Base,
			);
			mainGroup = 514E07D0268CA80300B8D027;
			productRefGroup = 514E07DA268CA80300B8D027 /* Products */;
			projectDirPath = "";
			projectRoot = "";
			targets = (
				514E07D8268CA80300B8D027 /* GiphySearch */,
			);
		};
/* End PBXProject section */

/* Begin PBXResourcesBuildPhase section */
		514E07D7268CA80300B8D027 /* Resources */ = {
			isa = PBXResourcesBuildPhase;
			buildActionMask = 2147483647;
			files = (
				514E07E9268CA80500B8D027 /* LaunchScreen.storyboard in Resources */,
				514E07E6268CA80500B8D027 /* Assets.xcassets in Resources */,
				514E07E4268CA80300B8D027 /* Main.storyboard in Resources */,
			);
			runOnlyForDeploymentPostprocessing = 0;
		};
/* End PBXResourcesBuildPhase section */

/* Begin PBXSourcesBuildPhase section */
		514E07D5268CA80300B8D027 /* Sources */ = {
			isa = PBXSourcesBuildPhase;
			buildActionMask = 2147483647;
			files = (
				514E07F1268CB34F00B8D027 /* GifExtension.swift in Sources */,
				514E07E1268CA80300B8D027 /* ViewController.swift in Sources */,
				514E07DD268CA80300B8D027 /* AppDelegate.swift in Sources */,
				514E07F3268CB50900B8D027 /* GifCell.swift in Sources */,
				514E07DF268CA80300B8D027 /* SceneDelegate.swift in Sources */,
				514E07F7268CBD2500B8D027 /* Gif.swift in Sources */,
				514E07F5268CBB1300B8D027 /* GifNetwork.swift in Sources */,
			);
			runOnlyForDeploymentPostprocessing = 0;
		};
/* End PBXSourcesBuildPhase section */

/* Begin PBXVariantGroup section */
		514E07E2268CA80300B8D027 /* Main.storyboard */ = {
			isa = PBXVariantGroup;
			children = (
				514E07E3268CA80300B8D027 /* Base */,
			);
			name = Main.storyboard;
			sourceTree = "<group>";
		};
		514E07E7268CA80500B8D027 /* LaunchScreen.storyboard */ = {
			isa = PBXVariantGroup;
			children = (
				514E07E8268CA80500B8D027 /* Base */,
			);
			name = LaunchScreen.storyboard;
			sourceTree = "<group>";
		};
/* End PBXVariantGroup section */

/* Begin XCBuildConfiguration section */
		514E07EB268CA80500B8D027 /* Debug */ = {
			isa = XCBuildConfiguration;
			buildSettings = {
				ALWAYS_SEARCH_USER_PATHS = NO;
				CLANG_ANALYZER_NONNULL = YES;
				CLANG_ANALYZER_NUMBER_OBJECT_CONVERSION = YES_AGGRESSIVE;
				CLANG_CXX_LANGUAGE_STANDARD = "gnu++14";
				CLANG_CXX_LIBRARY = "libc++";
				CLANG_ENABLE_MODULES = YES;
				CLANG_ENABLE_OBJC_ARC = YES;
				CLANG_ENABLE_OBJC_WEAK = YES;
				CLANG_WARN_BLOCK_CAPTURE_AUTORELEASING = YES;
				CLANG_WARN_BOOL_CONVERSION = YES;
				CLANG_WARN_COMMA = YES;
				CLANG_WARN_CONSTANT_CONVERSION = YES;
				CLANG_WARN_DEPRECATED_OBJC_IMPLEMENTATIONS = YES;
				CLANG_WARN_DIRECT_OBJC_ISA_USAGE = YES_ERROR;
				CLANG_WARN_DOCUMENTATION_COMMENTS = YES;
				CLANG_WARN_EMPTY_BODY = YES;
				CLANG_WARN_ENUM_CONVERSION = YES;
				CLANG_WARN_INFINITE_RECURSION = YES;
				CLANG_WARN_INT_CONVERSION = YES;
				CLANG_WARN_NON_LITERAL_NULL_CONVERSION = YES;
				CLANG_WARN_OBJC_IMPLICIT_RETAIN_SELF = YES;
				CLANG_WARN_OBJC_LITERAL_CONVERSION = YES;
				CLANG_WARN_OBJC_ROOT_CLASS = YES_ERROR;
				CLANG_WARN_QUOTED_INCLUDE_IN_FRAMEWORK_HEADER = YES;
				CLANG_WARN_RANGE_LOOP_ANALYSIS = YES;
				CLANG_WARN_STRICT_PROTOTYPES = YES;
				CLANG_WARN_SUSPICIOUS_MOVE = YES;
				CLANG_WARN_UNGUARDED_AVAILABILITY = YES_AGGRESSIVE;
				CLANG_WARN_UNREACHABLE_CODE = YES;
				CLANG_WARN__DUPLICATE_METHOD_MATCH = YES;
				COPY_PHASE_STRIP = NO;
				DEBUG_INFORMATION_FORMAT = dwarf;
				ENABLE_STRICT_OBJC_MSGSEND = YES;
				ENABLE_TESTABILITY = YES;
				GCC_C_LANGUAGE_STANDARD = gnu11;
				GCC_DYNAMIC_NO_PIC = NO;
				GCC_NO_COMMON_BLOCKS = YES;
				GCC_OPTIMIZATION_LEVEL = 0;
				GCC_PREPROCESSOR_DEFINITIONS = (
					"DEBUG=1",
					"$(inherited)",
				);
				GCC_WARN_64_TO_32_BIT_CONVERSION = YES;
				GCC_WARN_ABOUT_RETURN_TYPE = YES_ERROR;
				GCC_WARN_UNDECLARED_SELECTOR = YES;
				GCC_WARN_UNINITIALIZED_AUTOS = YES_AGGRESSIVE;
				GCC_WARN_UNUSED_FUNCTION = YES;
				GCC_WARN_UNUSED_VARIABLE = YES;
				IPHONEOS_DEPLOYMENT_TARGET = 14.5;
				MTL_ENABLE_DEBUG_INFO = INCLUDE_SOURCE;
				MTL_FAST_MATH = YES;
				ONLY_ACTIVE_ARCH = YES;
				SDKROOT = iphoneos;
				SWIFT_ACTIVE_COMPILATION_CONDITIONS = DEBUG;
				SWIFT_OPTIMIZATION_LEVEL = "-Onone";
			};
			name = Debug;
		};
		514E07EC268CA80500B8D027 /* Release */ = {
			isa = XCBuildConfiguration;
			buildSettings = {
				ALWAYS_SEARCH_USER_PATHS = NO;
				CLANG_ANALYZER_NONNULL = YES;
				CLANG_ANALYZER_NUMBER_OBJECT_CONVERSION = YES_AGGRESSIVE;
				CLANG_CXX_LANGUAGE_STANDARD = "gnu++14";
				CLANG_CXX_LIBRARY = "libc++";
				CLANG_ENABLE_MODULES = YES;
				CLANG_ENABLE_OBJC_ARC = YES;
				CLANG_ENABLE_OBJC_WEAK = YES;
				CLANG_WARN_BLOCK_CAPTURE_AUTORELEASING = YES;
				CLANG_WARN_BOOL_CONVERSION = YES;
				CLANG_WARN_COMMA = YES;
				CLANG_WARN_CONSTANT_CONVERSION = YES;
				CLANG_WARN_DEPRECATED_OBJC_IMPLEMENTATIONS = YES;
				CLANG_WARN_DIRECT_OBJC_ISA_USAGE = YES_ERROR;
				CLANG_WARN_DOCUMENTATION_COMMENTS = YES;
				CLANG_WARN_EMPTY_BODY = YES;
				CLANG_WARN_ENUM_CONVERSION = YES;
				CLANG_WARN_INFINITE_RECURSION = YES;
				CLANG_WARN_INT_CONVERSION = YES;
				CLANG_WARN_NON_LITERAL_NULL_CONVERSION = YES;
				CLANG_WARN_OBJC_IMPLICIT_RETAIN_SELF = YES;
				CLANG_WARN_OBJC_LITERAL_CONVERSION = YES;
				CLANG_WARN_OBJC_ROOT_CLASS = YES_ERROR;
				CLANG_WARN_QUOTED_INCLUDE_IN_FRAMEWORK_HEADER = YES;
				CLANG_WARN_RANGE_LOOP_ANALYSIS = YES;
				CLANG_WARN_STRICT_PROTOTYPES = YES;
				CLANG_WARN_SUSPICIOUS_MOVE = YES;
				CLANG_WARN_UNGUARDED_AVAILABILITY = YES_AGGRESSIVE;
				CLANG_WARN_UNREACHABLE_CODE = YES;
				CLANG_WARN__DUPLICATE_METHOD_MATCH = YES;
				COPY_PHASE_STRIP = NO;
				DEBUG_INFORMATION_FORMAT = "dwarf-with-dsym";
				ENABLE_NS_ASSERTIONS = NO;
				ENABLE_STRICT_OBJC_MSGSEND = YES;
				GCC_C_LANGUAGE_STANDARD = gnu11;
				GCC_NO_COMMON_BLOCKS = YES;
				GCC_WARN_64_TO_32_BIT_CONVERSION = YES;
				GCC_WARN_ABOUT_RETURN_TYPE = YES_ERROR;
				GCC_WARN_UNDECLARED_SELECTOR = YES;
				GCC_WARN_UNINITIALIZED_AUTOS = YES_AGGRESSIVE;
				GCC_WARN_UNUSED_FUNCTION = YES;
				GCC_WARN_UNUSED_VARIABLE = YES;
				IPHONEOS_DEPLOYMENT_TARGET = 14.5;
				MTL_ENABLE_DEBUG_INFO = NO;
				MTL_FAST_MATH = YES;
				SDKROOT = iphoneos;
				SWIFT_COMPILATION_MODE = wholemodule;
				SWIFT_OPTIMIZATION_LEVEL = "-O";
				VALIDATE_PRODUCT = YES;
			};
			name = Release;
		};
		514E07EE268CA80500B8D027 /* Debug */ = {
			isa = XCBuildConfiguration;
			buildSettings = {
				ASSETCATALOG_COMPILER_APPICON_NAME = AppIcon;
				ASSETCATALOG_COMPILER_GLOBAL_ACCENT_COLOR_NAME = AccentColor;
				CODE_SIGN_STYLE = Automatic;
				INFOPLIST_FILE = GiphySearch/Info.plist;
				LD_RUNPATH_SEARCH_PATHS = (
					"$(inherited)",
					"@executable_path/Frameworks",
				);
				PRODUCT_BUNDLE_IDENTIFIER = com.kbcorp.GiphySearch;
				PRODUCT_NAME = "$(TARGET_NAME)";
				SWIFT_VERSION = 5.0;
				TARGETED_DEVICE_FAMILY = "1,2";
			};
			name = Debug;
		};
		514E07EF268CA80500B8D027 /* Release */ = {
			isa = XCBuildConfiguration;
			buildSettings = {
				ASSETCATALOG_COMPILER_APPICON_NAME = AppIcon;
				ASSETCATALOG_COMPILER_GLOBAL_ACCENT_COLOR_NAME = AccentColor;
				CODE_SIGN_STYLE = Automatic;
				INFOPLIST_FILE = GiphySearch/Info.plist;
				LD_RUNPATH_SEARCH_PATHS = (
					"$(inherited)",
					"@executable_path/Frameworks",
				);
				PRODUCT_BUNDLE_IDENTIFIER = com.kbcorp.GiphySearch;
				PRODUCT_NAME = "$(TARGET_NAME)";
				SWIFT_VERSION = 5.0;
				TARGETED_DEVICE_FAMILY = "1,2";
			};
			name = Release;
		};
/* End XCBuildConfiguration section */

/* Begin XCConfigurationList section */
		514E07D4268CA80300B8D027 /* Build configuration list for PBXProject "GiphySearch" */ = {
			isa = XCConfigurationList;
			buildConfigurations = (
				514E07EB268CA80500B8D027 /* Debug */,
				514E07EC268CA80500B8D027 /* Release */,
			);
			defaultConfigurationIsVisible = 0;
			defaultConfigurationName = Release;
		};
		514E07ED268CA80500B8D027 /* Build configuration list for PBXNativeTarget "GiphySearch" */ = {
			isa = XCConfigurationList;
			buildConfigurations = (
				514E07EE268CA80500B8D027 /* Debug */,
				514E07EF268CA80500B8D027 /* Release */,
			);
			defaultConfigurationIsVisible = 0;
			defaultConfigurationName = Release;
		};
/* End XCConfigurationList section */
	};
	rootObject = 514E07D1268CA80300B8D027 /* Project object */;
}
